
Microsoft Visual Studio Solution File, Format Version 12.00
# Visual Studio Version 17
VisualStudioVersion = 17.7.34031.279
MinimumVisualStudioVersion = 10.0.40219.1
Project("{9A19103F-16F7-4668-BE54-9A1E7A4F7556}") = "StringLibrary", "StringLibrary\StringLibrary.csproj", "{795834AB-EB44-4A4A-89BB-1A89756CC168}"
EndProject
Project("{9A19103F-16F7-4668-BE54-9A1E7A4F7556}") = "ShowCase", "ShowCase\ShowCase.csproj", "{3ACB11A8-5DC5-4CB6-842C-8A0F4F7DEE03}"
EndProject
Global
	GlobalSection(SolutionConfigurationPlatforms) = preSolution
		Debug|Any CPU = Debug|Any CPU
		Release|Any CPU = Release|Any CPU
	EndGlobalSection
	GlobalSection(ProjectConfigurationPlatforms) = postSolution
		{795834AB-EB44-4A4A-89BB-1A89756CC168}.Debug|Any CPU.ActiveCfg = Debug|Any CPU
		{795834AB-EB44-4A4A-89BB-1A89756CC168}.Debug|Any CPU.Build.0 = Debug|Any CPU
		{795834AB-EB44-4A4A-89BB-1A89756CC168}.Release|Any CPU.ActiveCfg = Release|Any CPU
		{795834AB-EB44-4A4A-89BB-1A89756CC168}.Release|Any CPU.Build.0 = Release|Any CPU
		{3ACB11A8-5DC5-4CB6-842C-8A0F4F7DEE03}.Debug|Any CPU.ActiveCfg = Debug|Any CPU
		{3ACB11A8-5DC5-4CB6-842C-8A0F4F7DEE03}.Debug|Any CPU.Build.0 = Debug|Any CPU
		{3ACB11A8-5DC5-4CB6-842C-8A0F4F7DEE03}.Release|Any CPU.ActiveCfg = Release|Any CPU
		{3ACB11A8-5DC5-4CB6-842C-8A0F4F7DEE03}.Release|Any CPU.Build.0 = Release|Any CPU
	EndGlobalSection
	GlobalSection(SolutionProperties) = preSolution
		HideSolutionNode = FALSE
	EndGlobalSection
	GlobalSection(ExtensibilityGlobals) = postSolution
		SolutionGuid = {8AABC84F-D5D5-41AF-854E-C319307AAD3C}
	EndGlobalSection
EndGlobal
